<?xml version="1.0" encoding="utf-8"?>
<Project ToolsVersion="4.0" xmlns="http://schemas.microsoft.com/developer/msbuild/2003">
  <ItemGroup>
    <Filter Include="Lintel">
      <UniqueIdentifier>{0D6ED1C0-F90F-FC96-E2CA-0FEBCE0B83E7}</UniqueIdentifier>
    </Filter>
    <Filter Include="Lintel\TermRender">
      <UniqueIdentifier>{7448C791-E05E-C527-29D6-5049952B96AF}</UniqueIdentifier>
    </Filter>
  </ItemGroup>
  <ItemGroup>
    <ClInclude Include="src\Lintel.h" />
    <ClInclude Include="src\Lintel\Application.h">
      <Filter>Lintel</Filter>
    </ClInclude>
    <ClInclude Include="src\Lintel\EntryPoint.h">
      <Filter>Lintel</Filter>
    </ClInclude>
    <ClInclude Include="src\Lintel\Input.h">
      <Filter>Lintel</Filter>
    </ClInclude>
    <ClInclude Include="src\Lintel\LnTime.h">
      <Filter>Lintel</Filter>
    </ClInclude>
    <ClInclude Include="src\Lintel\Random.h">
      <Filter>Lintel</Filter>
    </ClInclude>
    <ClInclude Include="src\Lintel\TermRender\TChar.h">
      <Filter>Lintel\TermRender</Filter>
    </ClInclude>
    <ClInclude Include="src\Lintel\TermRender\TRen.h">
      <Filter>Lintel\TermRender</Filter>
    </ClInclude>
    <ClInclude Include="src\Lintel\TermRender\TSprite.h">
      <Filter>Lintel\TermRender</Filter>
    </ClInclude>
    <ClInclude Include="src\Lintel\TermRender\TThing.h">
      <Filter>Lintel\TermRender</Filter>
    </ClInclude>
    <ClInclude Include="src\Lintel\TermRender\TVec.h" />
    <ClInclude Include="src\Lintel\EntitySystem\ThingManager.h" />
    <ClInclude Include="src\Lintel\EntitySystem\I_Thing.h" />
  </ItemGroup>
  <ItemGroup>
    <ClCompile Include="src\Lintel\Application.cpp">
      <Filter>Lintel</Filter>
    </ClCompile>
    <ClCompile Include="src\Lintel\Input.cpp">
      <Filter>Lintel</Filter>
    </ClCompile>
    <ClCompile Include="src\Lintel\LnTime.cpp">
      <Filter>Lintel</Filter>
    </ClCompile>
    <ClCompile Include="src\Lintel\Random.cpp">
      <Filter>Lintel</Filter>
    </ClCompile>
    <ClCompile Include="src\Lintel\TermRender\TRen.cpp">
      <Filter>Lintel\TermRender</Filter>
    </ClCompile>
    <ClCompile Include="src\Lintel\TermRender\TSprite.cpp">
      <Filter>Lintel\TermRender</Filter>
    </ClCompile>
    <ClCompile Include="src\Lintel\TermRender\TThing.cpp">
      <Filter>Lintel\TermRender</Filter>
    </ClCompile>
    <ClCompile Include="src\Lintel\EntitySystem\ThingManager.cpp" />
  </ItemGroup>
</Project>